
Microsoft Visual Studio Solution File, Format Version 12.00
# Visual Studio 15
VisualStudioVersion = 15.0.26124.0
MinimumVisualStudioVersion = 15.0.26124.0
Project("{2150E333-8FDC-42A3-9474-1A3956D46DE8}") = "src", "src", "{1EBA2E2D-634E-486F-8709-EA718B774AE8}"
EndProject
Project("{FAE04EC0-301F-11D3-BF4B-00C04F79EFBC}") = "Geneology.Api", "src\Geneology.Api\Geneology.Api.csproj", "{A8866DEF-DBA2-40E6-A27A-55840A4E65DE}"
EndProject
Project("{FAE04EC0-301F-11D3-BF4B-00C04F79EFBC}") = "Geneology.Infrastructure", "src\Geneology.Infrastructure\Geneology.Infrastructure.csproj", "{E9045985-6B39-42E8-BB9D-514B428926EE}"
EndProject
Global
	GlobalSection(SolutionConfigurationPlatforms) = preSolution
		Debug|Any CPU = Debug|Any CPU
		Debug|x64 = Debug|x64
		Debug|x86 = Debug|x86
		Release|Any CPU = Release|Any CPU
		Release|x64 = Release|x64
		Release|x86 = Release|x86
	EndGlobalSection
	GlobalSection(SolutionProperties) = preSolution
		HideSolutionNode = FALSE
	EndGlobalSection
	GlobalSection(ProjectConfigurationPlatforms) = postSolution
		{A8866DEF-DBA2-40E6-A27A-55840A4E65DE}.Debug|Any CPU.ActiveCfg = Debug|Any CPU
		{A8866DEF-DBA2-40E6-A27A-55840A4E65DE}.Debug|Any CPU.Build.0 = Debug|Any CPU
		{A8866DEF-DBA2-40E6-A27A-55840A4E65DE}.Debug|x64.ActiveCfg = Debug|Any CPU
		{A8866DEF-DBA2-40E6-A27A-55840A4E65DE}.Debug|x64.Build.0 = Debug|Any CPU
		{A8866DEF-DBA2-40E6-A27A-55840A4E65DE}.Debug|x86.ActiveCfg = Debug|Any CPU
		{A8866DEF-DBA2-40E6-A27A-55840A4E65DE}.Debug|x86.Build.0 = Debug|Any CPU
		{A8866DEF-DBA2-40E6-A27A-55840A4E65DE}.Release|Any CPU.ActiveCfg = Release|Any CPU
		{A8866DEF-DBA2-40E6-A27A-55840A4E65DE}.Release|Any CPU.Build.0 = Release|Any CPU
		{A8866DEF-DBA2-40E6-A27A-55840A4E65DE}.Release|x64.ActiveCfg = Release|Any CPU
		{A8866DEF-DBA2-40E6-A27A-55840A4E65DE}.Release|x64.Build.0 = Release|Any CPU
		{A8866DEF-DBA2-40E6-A27A-55840A4E65DE}.Release|x86.ActiveCfg = Release|Any CPU
		{A8866DEF-DBA2-40E6-A27A-55840A4E65DE}.Release|x86.Build.0 = Release|Any CPU
		{E9045985-6B39-42E8-BB9D-514B428926EE}.Debug|Any CPU.ActiveCfg = Debug|Any CPU
		{E9045985-6B39-42E8-BB9D-514B428926EE}.Debug|Any CPU.Build.0 = Debug|Any CPU
		{E9045985-6B39-42E8-BB9D-514B428926EE}.Debug|x64.ActiveCfg = Debug|Any CPU
		{E9045985-6B39-42E8-BB9D-514B428926EE}.Debug|x64.Build.0 = Debug|Any CPU
		{E9045985-6B39-42E8-BB9D-514B428926EE}.Debug|x86.ActiveCfg = Debug|Any CPU
		{E9045985-6B39-42E8-BB9D-514B428926EE}.Debug|x86.Build.0 = Debug|Any CPU
		{E9045985-6B39-42E8-BB9D-514B428926EE}.Release|Any CPU.ActiveCfg = Release|Any CPU
		{E9045985-6B39-42E8-BB9D-514B428926EE}.Release|Any CPU.Build.0 = Release|Any CPU
		{E9045985-6B39-42E8-BB9D-514B428926EE}.Release|x64.ActiveCfg = Release|Any CPU
		{E9045985-6B39-42E8-BB9D-514B428926EE}.Release|x64.Build.0 = Release|Any CPU
		{E9045985-6B39-42E8-BB9D-514B428926EE}.Release|x86.ActiveCfg = Release|Any CPU
		{E9045985-6B39-42E8-BB9D-514B428926EE}.Release|x86.Build.0 = Release|Any CPU
	EndGlobalSection
	GlobalSection(NestedProjects) = preSolution
		{A8866DEF-DBA2-40E6-A27A-55840A4E65DE} = {1EBA2E2D-634E-486F-8709-EA718B774AE8}
		{E9045985-6B39-42E8-BB9D-514B428926EE} = {1EBA2E2D-634E-486F-8709-EA718B774AE8}
	EndGlobalSection
EndGlobal
